// !$*UTF8*$!
{
	archiveVersion = 1;
	classes = {
	};
	objectVersion = 46;
	objects = {

/* Begin PBXBuildFile section */
		AC75B4831BC4D4F1006A77A3 /* MagicalRecord-Swift.h in Headers */ = {isa = PBXBuildFile; fileRef = AC75B4821BC4D4F1006A77A3 /* MagicalRecord-Swift.h */; settings = {ATTRIBUTES = (Public, ); }; };
		AC75B48A1BC4D4F1006A77A3 /* MagicalRecord_Swift.framework in Frameworks */ = {isa = PBXBuildFile; fileRef = AC75B47F1BC4D4F1006A77A3 /* MagicalRecord_Swift.framework */; settings = {ASSET_TAGS = (); }; };
		AC75B48F1BC4D4F1006A77A3 /* MagicalRecord_SwiftTests.swift in Sources */ = {isa = PBXBuildFile; fileRef = AC75B48E1BC4D4F1006A77A3 /* MagicalRecord_SwiftTests.swift */; };
		AC75B49C1BC4D876006A77A3 /* MagicalRecordInternal.swift in Sources */ = {isa = PBXBuildFile; fileRef = AC75B49B1BC4D876006A77A3 /* MagicalRecordInternal.swift */; settings = {ASSET_TAGS = (); }; };
		AC75B49F1BC4F34D006A77A3 /* MagicalRecord+Actions.swift in Sources */ = {isa = PBXBuildFile; fileRef = AC75B49E1BC4F34D006A77A3 /* MagicalRecord+Actions.swift */; settings = {ASSET_TAGS = (); }; };
		AC75B4A11BC4F35E006A77A3 /* MagicalRecord+ErrorHandling.swift in Sources */ = {isa = PBXBuildFile; fileRef = AC75B4A01BC4F35E006A77A3 /* MagicalRecord+ErrorHandling.swift */; settings = {ASSET_TAGS = (); }; };
		AC75B4A31BC4F370006A77A3 /* MagicalRecord+iCloud.swift in Sources */ = {isa = PBXBuildFile; fileRef = AC75B4A21BC4F370006A77A3 /* MagicalRecord+iCloud.swift */; settings = {ASSET_TAGS = (); }; };
		AC75B4A51BC4F388006A77A3 /* MagicalRecord+Options.swift in Sources */ = {isa = PBXBuildFile; fileRef = AC75B4A41BC4F388006A77A3 /* MagicalRecord+Options.swift */; settings = {ASSET_TAGS = (); }; };
		AC75B4A71BC4F3A1006A77A3 /* MagicalRecord+Setup.swift in Sources */ = {isa = PBXBuildFile; fileRef = AC75B4A61BC4F3A1006A77A3 /* MagicalRecord+Setup.swift */; settings = {ASSET_TAGS = (); }; };
		AC75B4A91BC4F3B7006A77A3 /* MagicalRecord+ShorthandMethod.swift in Sources */ = {isa = PBXBuildFile; fileRef = AC75B4A81BC4F3B7006A77A3 /* MagicalRecord+ShorthandMethod.swift */; settings = {ASSET_TAGS = (); }; };
		AC75B4AB1BC4F3CE006A77A3 /* MagicalRecordLogging.swift in Sources */ = {isa = PBXBuildFile; fileRef = AC75B4AA1BC4F3CE006A77A3 /* MagicalRecordLogging.swift */; settings = {ASSET_TAGS = (); }; };
		AC75B4AD1BC4F3E9006A77A3 /* MagicalRecordShorthandMethodAliases.swift in Sources */ = {isa = PBXBuildFile; fileRef = AC75B4AC1BC4F3E9006A77A3 /* MagicalRecordShorthandMethodAliases.swift */; settings = {ASSET_TAGS = (); }; };
		AC75B4B21BC4F493006A77A3 /* NSManagedObjectModel+MagicalRecord.swift in Sources */ = {isa = PBXBuildFile; fileRef = AC75B4B11BC4F493006A77A3 /* NSManagedObjectModel+MagicalRecord.swift */; settings = {ASSET_TAGS = (); }; };
		AC75B4B41BC4F4B0006A77A3 /* NSPersistentStore+MagicalRecord.swift in Sources */ = {isa = PBXBuildFile; fileRef = AC75B4B31BC4F4B0006A77A3 /* NSPersistentStore+MagicalRecord.swift */; settings = {ASSET_TAGS = (); }; };
		AC75B4B71BC4F4D7006A77A3 /* NSPersistentStoreCoordinator+MagicalRecord.swift in Sources */ = {isa = PBXBuildFile; fileRef = AC75B4B61BC4F4D7006A77A3 /* NSPersistentStoreCoordinator+MagicalRecord.swift */; settings = {ASSET_TAGS = (); }; };
		AC75B4B91BC4F4FF006A77A3 /* MagicalImportFunctions.swift in Sources */ = {isa = PBXBuildFile; fileRef = AC75B4B81BC4F4FF006A77A3 /* MagicalImportFunctions.swift */; settings = {ASSET_TAGS = (); }; };
		AC75B4BB1BC4F523006A77A3 /* NSAttributeDescription+MagicalDataImport.swift in Sources */ = {isa = PBXBuildFile; fileRef = AC75B4BA1BC4F523006A77A3 /* NSAttributeDescription+MagicalDataImport.swift */; settings = {ASSET_TAGS = (); }; };
		AC75B4BD1BC4F54A006A77A3 /* NSEntityDescription+MagicalDataImport.swift in Sources */ = {isa = PBXBuildFile; fileRef = AC75B4BC1BC4F54A006A77A3 /* NSEntityDescription+MagicalDataImport.swift */; settings = {ASSET_TAGS = (); }; };
		AC75B4BF1BC4F568006A77A3 /* NSNumber+MagicalDataImport.swift in Sources */ = {isa = PBXBuildFile; fileRef = AC75B4BE1BC4F568006A77A3 /* NSNumber+MagicalDataImport.swift */; settings = {ASSET_TAGS = (); }; };
		AC75B4C11BC4F582006A77A3 /* NSObject+MagicalDataImport.swift in Sources */ = {isa = PBXBuildFile; fileRef = AC75B4C01BC4F582006A77A3 /* NSObject+MagicalDataImport.swift */; settings = {ASSET_TAGS = (); }; };
		AC75B4C31BC4F59B006A77A3 /* NSRelationshipDescription+MagicalDataImport.swift in Sources */ = {isa = PBXBuildFile; fileRef = AC75B4C21BC4F59B006A77A3 /* NSRelationshipDescription+MagicalDataImport.swift */; settings = {ASSET_TAGS = (); }; };
		AC75B4C51BC4F5B2006A77A3 /* NSString+MagicalDataImport.swift in Sources */ = {isa = PBXBuildFile; fileRef = AC75B4C41BC4F5B2006A77A3 /* NSString+MagicalDataImport.swift */; settings = {ASSET_TAGS = (); }; };
		AC75B4C71BC4F5D3006A77A3 /* NSManagedObject+MagicalAggregation.swift in Sources */ = {isa = PBXBuildFile; fileRef = AC75B4C61BC4F5D3006A77A3 /* NSManagedObject+MagicalAggregation.swift */; settings = {ASSET_TAGS = (); }; };
		AC75B4C91BC4F5EB006A77A3 /* NSManagedObject+MagicalDataImport.swift in Sources */ = {isa = PBXBuildFile; fileRef = AC75B4C81BC4F5EB006A77A3 /* NSManagedObject+MagicalDataImport.swift */; settings = {ASSET_TAGS = (); }; };
		AC75B4CB1BC4F610006A77A3 /* NSManagedObject+MagicalFinders.swift in Sources */ = {isa = PBXBuildFile; fileRef = AC75B4CA1BC4F610006A77A3 /* NSManagedObject+MagicalFinders.swift */; settings = {ASSET_TAGS = (); }; };
		AC75B4CD1BC4F628006A77A3 /* NSManagedObject+MagicalRecord.swift in Sources */ = {isa = PBXBuildFile; fileRef = AC75B4CC1BC4F628006A77A3 /* NSManagedObject+MagicalRecord.swift */; settings = {ASSET_TAGS = (); }; };
		AC75B4CF1BC4F65D006A77A3 /* NSManagedObject+MagicalRequests.swift in Sources */ = {isa = PBXBuildFile; fileRef = AC75B4CE1BC4F65D006A77A3 /* NSManagedObject+MagicalRequests.swift */; settings = {ASSET_TAGS = (); }; };
		AC75B4D11BC4F7F1006A77A3 /* NSManagedObjectContext+MagicalChainSave.swift in Sources */ = {isa = PBXBuildFile; fileRef = AC75B4D01BC4F7F1006A77A3 /* NSManagedObjectContext+MagicalChainSave.swift */; settings = {ASSET_TAGS = (); }; };
		AC75B4D31BC4F815006A77A3 /* NSManagedObjectContext+MagicalObserving.swift in Sources */ = {isa = PBXBuildFile; fileRef = AC75B4D21BC4F815006A77A3 /* NSManagedObjectContext+MagicalObserving.swift */; settings = {ASSET_TAGS = (); }; };
		AC75B4D51BC4F82D006A77A3 /* NSManagedObjectContext+MagicalRecord.swift in Sources */ = {isa = PBXBuildFile; fileRef = AC75B4D41BC4F82D006A77A3 /* NSManagedObjectContext+MagicalRecord.swift */; settings = {ASSET_TAGS = (); }; };
		AC75B4D71BC4F852006A77A3 /* NSManagedObjectContext+MagicalSaves.swift in Sources */ = {isa = PBXBuildFile; fileRef = AC75B4D61BC4F852006A77A3 /* NSManagedObjectContext+MagicalSaves.swift */; settings = {ASSET_TAGS = (); }; };
		AC75B4D91BC4F86C006A77A3 /* NSManagedObjectContext+MagicalThreading.swift in Sources */ = {isa = PBXBuildFile; fileRef = AC75B4D81BC4F86C006A77A3 /* NSManagedObjectContext+MagicalThreading.swift */; settings = {ASSET_TAGS = (); }; };
/* End PBXBuildFile section */

/* Begin PBXContainerItemProxy section */
		AC75B48B1BC4D4F1006A77A3 /* PBXContainerItemProxy */ = {
			isa = PBXContainerItemProxy;
			containerPortal = AC75B4761BC4D4F1006A77A3 /* Project object */;
			proxyType = 1;
			remoteGlobalIDString = AC75B47E1BC4D4F1006A77A3;
			remoteInfo = "MagicalRecord-Swift";
		};
/* End PBXContainerItemProxy section */

/* Begin PBXFileReference section */
		AC75B47F1BC4D4F1006A77A3 /* MagicalRecord_Swift.framework */ = {isa = PBXFileReference; explicitFileType = wrapper.framework; includeInIndex = 0; path = MagicalRecord_Swift.framework; sourceTree = BUILT_PRODUCTS_DIR; };
		AC75B4821BC4D4F1006A77A3 /* MagicalRecord-Swift.h */ = {isa = PBXFileReference; lastKnownFileType = sourcecode.c.h; path = "MagicalRecord-Swift.h"; sourceTree = "<group>"; };
		AC75B4841BC4D4F1006A77A3 /* Info.plist */ = {isa = PBXFileReference; lastKnownFileType = text.plist.xml; path = Info.plist; sourceTree = "<group>"; };
		AC75B4891BC4D4F1006A77A3 /* MagicalRecord_SwiftTests.xctest */ = {isa = PBXFileReference; explicitFileType = wrapper.cfbundle; includeInIndex = 0; path = MagicalRecord_SwiftTests.xctest; sourceTree = BUILT_PRODUCTS_DIR; };
		AC75B48E1BC4D4F1006A77A3 /* MagicalRecord_SwiftTests.swift */ = {isa = PBXFileReference; lastKnownFileType = sourcecode.swift; path = MagicalRecord_SwiftTests.swift; sourceTree = "<group>"; };
		AC75B4901BC4D4F1006A77A3 /* Info.plist */ = {isa = PBXFileReference; lastKnownFileType = text.plist.xml; path = Info.plist; sourceTree = "<group>"; };
		AC75B49B1BC4D876006A77A3 /* MagicalRecordInternal.swift */ = {isa = PBXFileReference; fileEncoding = 4; lastKnownFileType = sourcecode.swift; path = MagicalRecordInternal.swift; sourceTree = "<group>"; };
		AC75B49E1BC4F34D006A77A3 /* MagicalRecord+Actions.swift */ = {isa = PBXFileReference; fileEncoding = 4; lastKnownFileType = sourcecode.swift; path = "MagicalRecord+Actions.swift"; sourceTree = "<group>"; };
		AC75B4A01BC4F35E006A77A3 /* MagicalRecord+ErrorHandling.swift */ = {isa = PBXFileReference; fileEncoding = 4; lastKnownFileType = sourcecode.swift; path = "MagicalRecord+ErrorHandling.swift"; sourceTree = "<group>"; };
		AC75B4A21BC4F370006A77A3 /* MagicalRecord+iCloud.swift */ = {isa = PBXFileReference; fileEncoding = 4; lastKnownFileType = sourcecode.swift; path = "MagicalRecord+iCloud.swift"; sourceTree = "<group>"; };
		AC75B4A41BC4F388006A77A3 /* MagicalRecord+Options.swift */ = {isa = PBXFileReference; fileEncoding = 4; lastKnownFileType = sourcecode.swift; path = "MagicalRecord+Options.swift"; sourceTree = "<group>"; };
		AC75B4A61BC4F3A1006A77A3 /* MagicalRecord+Setup.swift */ = {isa = PBXFileReference; fileEncoding = 4; lastKnownFileType = sourcecode.swift; path = "MagicalRecord+Setup.swift"; sourceTree = "<group>"; };
		AC75B4A81BC4F3B7006A77A3 /* MagicalRecord+ShorthandMethod.swift */ = {isa = PBXFileReference; fileEncoding = 4; lastKnownFileType = sourcecode.swift; path = "MagicalRecord+ShorthandMethod.swift"; sourceTree = "<group>"; };
		AC75B4AA1BC4F3CE006A77A3 /* MagicalRecordLogging.swift */ = {isa = PBXFileReference; fileEncoding = 4; lastKnownFileType = sourcecode.swift; path = MagicalRecordLogging.swift; sourceTree = "<group>"; };
		AC75B4AC1BC4F3E9006A77A3 /* MagicalRecordShorthandMethodAliases.swift */ = {isa = PBXFileReference; fileEncoding = 4; lastKnownFileType = sourcecode.swift; path = MagicalRecordShorthandMethodAliases.swift; sourceTree = "<group>"; };
		AC75B4B11BC4F493006A77A3 /* NSManagedObjectModel+MagicalRecord.swift */ = {isa = PBXFileReference; fileEncoding = 4; lastKnownFileType = sourcecode.swift; path = "NSManagedObjectModel+MagicalRecord.swift"; sourceTree = "<group>"; };
		AC75B4B31BC4F4B0006A77A3 /* NSPersistentStore+MagicalRecord.swift */ = {isa = PBXFileReference; fileEncoding = 4; lastKnownFileType = sourcecode.swift; path = "NSPersistentStore+MagicalRecord.swift"; sourceTree = "<group>"; };
		AC75B4B61BC4F4D7006A77A3 /* NSPersistentStoreCoordinator+MagicalRecord.swift */ = {isa = PBXFileReference; fileEncoding = 4; lastKnownFileType = sourcecode.swift; path = "NSPersistentStoreCoordinator+MagicalRecord.swift"; sourceTree = "<group>"; };
		AC75B4B81BC4F4FF006A77A3 /* MagicalImportFunctions.swift */ = {isa = PBXFileReference; fileEncoding = 4; lastKnownFileType = sourcecode.swift; path = MagicalImportFunctions.swift; sourceTree = "<group>"; };
		AC75B4BA1BC4F523006A77A3 /* NSAttributeDescription+MagicalDataImport.swift */ = {isa = PBXFileReference; fileEncoding = 4; lastKnownFileType = sourcecode.swift; path = "NSAttributeDescription+MagicalDataImport.swift"; sourceTree = "<group>"; };
		AC75B4BC1BC4F54A006A77A3 /* NSEntityDescription+MagicalDataImport.swift */ = {isa = PBXFileReference; fileEncoding = 4; lastKnownFileType = sourcecode.swift; path = "NSEntityDescription+MagicalDataImport.swift"; sourceTree = "<group>"; };
		AC75B4BE1BC4F568006A77A3 /* NSNumber+MagicalDataImport.swift */ = {isa = PBXFileReference; fileEncoding = 4; lastKnownFileType = sourcecode.swift; path = "NSNumber+MagicalDataImport.swift"; sourceTree = "<group>"; };
		AC75B4C01BC4F582006A77A3 /* NSObject+MagicalDataImport.swift */ = {isa = PBXFileReference; fileEncoding = 4; lastKnownFileType = sourcecode.swift; path = "NSObject+MagicalDataImport.swift"; sourceTree = "<group>"; };
		AC75B4C21BC4F59B006A77A3 /* NSRelationshipDescription+MagicalDataImport.swift */ = {isa = PBXFileReference; fileEncoding = 4; lastKnownFileType = sourcecode.swift; path = "NSRelationshipDescription+MagicalDataImport.swift"; sourceTree = "<group>"; };
		AC75B4C41BC4F5B2006A77A3 /* NSString+MagicalDataImport.swift */ = {isa = PBXFileReference; fileEncoding = 4; lastKnownFileType = sourcecode.swift; path = "NSString+MagicalDataImport.swift"; sourceTree = "<group>"; };
		AC75B4C61BC4F5D3006A77A3 /* NSManagedObject+MagicalAggregation.swift */ = {isa = PBXFileReference; fileEncoding = 4; lastKnownFileType = sourcecode.swift; path = "NSManagedObject+MagicalAggregation.swift"; sourceTree = "<group>"; };
		AC75B4C81BC4F5EB006A77A3 /* NSManagedObject+MagicalDataImport.swift */ = {isa = PBXFileReference; fileEncoding = 4; lastKnownFileType = sourcecode.swift; path = "NSManagedObject+MagicalDataImport.swift"; sourceTree = "<group>"; };
		AC75B4CA1BC4F610006A77A3 /* NSManagedObject+MagicalFinders.swift */ = {isa = PBXFileReference; fileEncoding = 4; lastKnownFileType = sourcecode.swift; path = "NSManagedObject+MagicalFinders.swift"; sourceTree = "<group>"; };
		AC75B4CC1BC4F628006A77A3 /* NSManagedObject+MagicalRecord.swift */ = {isa = PBXFileReference; fileEncoding = 4; lastKnownFileType = sourcecode.swift; path = "NSManagedObject+MagicalRecord.swift"; sourceTree = "<group>"; };
		AC75B4CE1BC4F65D006A77A3 /* NSManagedObject+MagicalRequests.swift */ = {isa = PBXFileReference; fileEncoding = 4; lastKnownFileType = sourcecode.swift; path = "NSManagedObject+MagicalRequests.swift"; sourceTree = "<group>"; };
		AC75B4D01BC4F7F1006A77A3 /* NSManagedObjectContext+MagicalChainSave.swift */ = {isa = PBXFileReference; fileEncoding = 4; lastKnownFileType = sourcecode.swift; path = "NSManagedObjectContext+MagicalChainSave.swift"; sourceTree = "<group>"; };
		AC75B4D21BC4F815006A77A3 /* NSManagedObjectContext+MagicalObserving.swift */ = {isa = PBXFileReference; fileEncoding = 4; lastKnownFileType = sourcecode.swift; path = "NSManagedObjectContext+MagicalObserving.swift"; sourceTree = "<group>"; };
		AC75B4D41BC4F82D006A77A3 /* NSManagedObjectContext+MagicalRecord.swift */ = {isa = PBXFileReference; fileEncoding = 4; lastKnownFileType = sourcecode.swift; path = "NSManagedObjectContext+MagicalRecord.swift"; sourceTree = "<group>"; };
		AC75B4D61BC4F852006A77A3 /* NSManagedObjectContext+MagicalSaves.swift */ = {isa = PBXFileReference; fileEncoding = 4; lastKnownFileType = sourcecode.swift; path = "NSManagedObjectContext+MagicalSaves.swift"; sourceTree = "<group>"; };
		AC75B4D81BC4F86C006A77A3 /* NSManagedObjectContext+MagicalThreading.swift */ = {isa = PBXFileReference; fileEncoding = 4; lastKnownFileType = sourcecode.swift; path = "NSManagedObjectContext+MagicalThreading.swift"; sourceTree = "<group>"; };
/* End PBXFileReference section */

/* Begin PBXFrameworksBuildPhase section */
		AC75B47B1BC4D4F1006A77A3 /* Frameworks */ = {
			isa = PBXFrameworksBuildPhase;
			buildActionMask = 2147483647;
			files = (
			);
			runOnlyForDeploymentPostprocessing = 0;
		};
		AC75B4861BC4D4F1006A77A3 /* Frameworks */ = {
			isa = PBXFrameworksBuildPhase;
			buildActionMask = 2147483647;
			files = (
				AC75B48A1BC4D4F1006A77A3 /* MagicalRecord_Swift.framework in Frameworks */,
			);
			runOnlyForDeploymentPostprocessing = 0;
		};
/* End PBXFrameworksBuildPhase section */

/* Begin PBXGroup section */
		AC75B4751BC4D4F1006A77A3 = {
			isa = PBXGroup;
			children = (
				AC75B4811BC4D4F1006A77A3 /* MagicalRecord-Swift */,
				AC75B48D1BC4D4F1006A77A3 /* MagicalRecord-SwiftTests */,
				AC75B4801BC4D4F1006A77A3 /* Products */,
			);
			sourceTree = "<group>";
		};
		AC75B4801BC4D4F1006A77A3 /* Products */ = {
			isa = PBXGroup;
			children = (
				AC75B47F1BC4D4F1006A77A3 /* MagicalRecord_Swift.framework */,
				AC75B4891BC4D4F1006A77A3 /* MagicalRecord_SwiftTests.xctest */,
			);
			name = Products;
			sourceTree = "<group>";
		};
		AC75B4811BC4D4F1006A77A3 /* MagicalRecord-Swift */ = {
			isa = PBXGroup;
			children = (
				AC75B4821BC4D4F1006A77A3 /* MagicalRecord-Swift.h */,
				AC75B4841BC4D4F1006A77A3 /* Info.plist */,
				AC75B49A1BC4D80B006A77A3 /* Core */,
				AC75B4991BC4D802006A77A3 /* Categories */,
			);
			path = "MagicalRecord-Swift";
			sourceTree = "<group>";
		};
		AC75B48D1BC4D4F1006A77A3 /* MagicalRecord-SwiftTests */ = {
			isa = PBXGroup;
			children = (
				AC75B48E1BC4D4F1006A77A3 /* MagicalRecord_SwiftTests.swift */,
				AC75B4901BC4D4F1006A77A3 /* Info.plist */,
			);
			path = "MagicalRecord-SwiftTests";
			sourceTree = "<group>";
		};
		AC75B4991BC4D802006A77A3 /* Categories */ = {
			isa = PBXGroup;
			children = (
				AC75B4B01BC4F472006A77A3 /* NSManagedObjectContext */,
				AC75B4AF1BC4F469006A77A3 /* NSManagedObject */,
				AC75B4AE1BC4F45B006A77A3 /* DataImport */,
				AC75B4B11BC4F493006A77A3 /* NSManagedObjectModel+MagicalRecord.swift */,
				AC75B4B31BC4F4B0006A77A3 /* NSPersistentStore+MagicalRecord.swift */,
				AC75B4B61BC4F4D7006A77A3 /* NSPersistentStoreCoordinator+MagicalRecord.swift */,
			);
			name = Categories;
			sourceTree = "<group>";
		};
		AC75B49A1BC4D80B006A77A3 /* Core */ = {
			isa = PBXGroup;
			children = (
				AC75B49B1BC4D876006A77A3 /* MagicalRecordInternal.swift */,
				AC75B49E1BC4F34D006A77A3 /* MagicalRecord+Actions.swift */,
				AC75B4A01BC4F35E006A77A3 /* MagicalRecord+ErrorHandling.swift */,
				AC75B4A21BC4F370006A77A3 /* MagicalRecord+iCloud.swift */,
				AC75B4A41BC4F388006A77A3 /* MagicalRecord+Options.swift */,
				AC75B4A61BC4F3A1006A77A3 /* MagicalRecord+Setup.swift */,
				AC75B4A81BC4F3B7006A77A3 /* MagicalRecord+ShorthandMethod.swift */,
				AC75B4AA1BC4F3CE006A77A3 /* MagicalRecordLogging.swift */,
				AC75B4AC1BC4F3E9006A77A3 /* MagicalRecordShorthandMethodAliases.swift */,
			);
			name = Core;
			sourceTree = "<group>";
		};
		AC75B4AE1BC4F45B006A77A3 /* DataImport */ = {
			isa = PBXGroup;
			children = (
				AC75B4B81BC4F4FF006A77A3 /* MagicalImportFunctions.swift */,
				AC75B4BA1BC4F523006A77A3 /* NSAttributeDescription+MagicalDataImport.swift */,
				AC75B4BC1BC4F54A006A77A3 /* NSEntityDescription+MagicalDataImport.swift */,
				AC75B4BE1BC4F568006A77A3 /* NSNumber+MagicalDataImport.swift */,
				AC75B4C01BC4F582006A77A3 /* NSObject+MagicalDataImport.swift */,
				AC75B4C21BC4F59B006A77A3 /* NSRelationshipDescription+MagicalDataImport.swift */,
				AC75B4C41BC4F5B2006A77A3 /* NSString+MagicalDataImport.swift */,
			);
			name = DataImport;
			sourceTree = "<group>";
		};
		AC75B4AF1BC4F469006A77A3 /* NSManagedObject */ = {
			isa = PBXGroup;
			children = (
				AC75B4C61BC4F5D3006A77A3 /* NSManagedObject+MagicalAggregation.swift */,
				AC75B4C81BC4F5EB006A77A3 /* NSManagedObject+MagicalDataImport.swift */,
				AC75B4CA1BC4F610006A77A3 /* NSManagedObject+MagicalFinders.swift */,
				AC75B4CC1BC4F628006A77A3 /* NSManagedObject+MagicalRecord.swift */,
				AC75B4CE1BC4F65D006A77A3 /* NSManagedObject+MagicalRequests.swift */,
			);
			name = NSManagedObject;
			sourceTree = "<group>";
		};
		AC75B4B01BC4F472006A77A3 /* NSManagedObjectContext */ = {
			isa = PBXGroup;
			children = (
				AC75B4D01BC4F7F1006A77A3 /* NSManagedObjectContext+MagicalChainSave.swift */,
				AC75B4D21BC4F815006A77A3 /* NSManagedObjectContext+MagicalObserving.swift */,
				AC75B4D41BC4F82D006A77A3 /* NSManagedObjectContext+MagicalRecord.swift */,
				AC75B4D61BC4F852006A77A3 /* NSManagedObjectContext+MagicalSaves.swift */,
				AC75B4D81BC4F86C006A77A3 /* NSManagedObjectContext+MagicalThreading.swift */,
			);
			name = NSManagedObjectContext;
			sourceTree = "<group>";
		};
/* End PBXGroup section */

/* Begin PBXHeadersBuildPhase section */
		AC75B47C1BC4D4F1006A77A3 /* Headers */ = {
			isa = PBXHeadersBuildPhase;
			buildActionMask = 2147483647;
			files = (
				AC75B4831BC4D4F1006A77A3 /* MagicalRecord-Swift.h in Headers */,
			);
			runOnlyForDeploymentPostprocessing = 0;
		};
/* End PBXHeadersBuildPhase section */

/* Begin PBXNativeTarget section */
		AC75B47E1BC4D4F1006A77A3 /* MagicalRecord-Swift */ = {
			isa = PBXNativeTarget;
			buildConfigurationList = AC75B4931BC4D4F1006A77A3 /* Build configuration list for PBXNativeTarget "MagicalRecord-Swift" */;
			buildPhases = (
				AC75B47A1BC4D4F1006A77A3 /* Sources */,
				AC75B47B1BC4D4F1006A77A3 /* Frameworks */,
				AC75B47C1BC4D4F1006A77A3 /* Headers */,
				AC75B47D1BC4D4F1006A77A3 /* Resources */,
			);
			buildRules = (
			);
			dependencies = (
			);
			name = "MagicalRecord-Swift";
			productName = "MagicalRecord-Swift";
			productReference = AC75B47F1BC4D4F1006A77A3 /* MagicalRecord_Swift.framework */;
			productType = "com.apple.product-type.framework";
		};
		AC75B4881BC4D4F1006A77A3 /* MagicalRecord-SwiftTests */ = {
			isa = PBXNativeTarget;
			buildConfigurationList = AC75B4961BC4D4F1006A77A3 /* Build configuration list for PBXNativeTarget "MagicalRecord-SwiftTests" */;
			buildPhases = (
				AC75B4851BC4D4F1006A77A3 /* Sources */,
				AC75B4861BC4D4F1006A77A3 /* Frameworks */,
				AC75B4871BC4D4F1006A77A3 /* Resources */,
			);
			buildRules = (
			);
			dependencies = (
				AC75B48C1BC4D4F1006A77A3 /* PBXTargetDependency */,
			);
			name = "MagicalRecord-SwiftTests";
			productName = "MagicalRecord-SwiftTests";
			productReference = AC75B4891BC4D4F1006A77A3 /* MagicalRecord_SwiftTests.xctest */;
			productType = "com.apple.product-type.bundle.unit-test";
		};
/* End PBXNativeTarget section */

/* Begin PBXProject section */
		AC75B4761BC4D4F1006A77A3 /* Project object */ = {
			isa = PBXProject;
			attributes = {
				LastSwiftUpdateCheck = 0700;
				LastUpgradeCheck = 0700;
				ORGANIZATIONNAME = "Jacky Wu";
				TargetAttributes = {
					AC75B47E1BC4D4F1006A77A3 = {
						CreatedOnToolsVersion = 7.0.1;
					};
					AC75B4881BC4D4F1006A77A3 = {
						CreatedOnToolsVersion = 7.0.1;
					};
				};
			};
			buildConfigurationList = AC75B4791BC4D4F1006A77A3 /* Build configuration list for PBXProject "MagicalRecord-Swift" */;
			compatibilityVersion = "Xcode 3.2";
			developmentRegion = English;
			hasScannedForEncodings = 0;
			knownRegions = (
				en,
			);
			mainGroup = AC75B4751BC4D4F1006A77A3;
			productRefGroup = AC75B4801BC4D4F1006A77A3 /* Products */;
			projectDirPath = "";
			projectRoot = "";
			targets = (
				AC75B47E1BC4D4F1006A77A3 /* MagicalRecord-Swift */,
				AC75B4881BC4D4F1006A77A3 /* MagicalRecord-SwiftTests */,
			);
		};
/* End PBXProject section */

/* Begin PBXResourcesBuildPhase section */
		AC75B47D1BC4D4F1006A77A3 /* Resources */ = {
			isa = PBXResourcesBuildPhase;
			buildActionMask = 2147483647;
			files = (
			);
			runOnlyForDeploymentPostprocessing = 0;
		};
		AC75B4871BC4D4F1006A77A3 /* Resources */ = {
			isa = PBXResourcesBuildPhase;
			buildActionMask = 2147483647;
			files = (
			);
			runOnlyForDeploymentPostprocessing = 0;
		};
/* End PBXResourcesBuildPhase section */

/* Begin PBXSourcesBuildPhase section */
		AC75B47A1BC4D4F1006A77A3 /* Sources */ = {
			isa = PBXSourcesBuildPhase;
			buildActionMask = 2147483647;
			files = (
				AC75B4B41BC4F4B0006A77A3 /* NSPersistentStore+MagicalRecord.swift in Sources */,
				AC75B4C11BC4F582006A77A3 /* NSObject+MagicalDataImport.swift in Sources */,
				AC75B4CF1BC4F65D006A77A3 /* NSManagedObject+MagicalRequests.swift in Sources */,
				AC75B4C51BC4F5B2006A77A3 /* NSString+MagicalDataImport.swift in Sources */,
				AC75B4C91BC4F5EB006A77A3 /* NSManagedObject+MagicalDataImport.swift in Sources */,
				AC75B4A91BC4F3B7006A77A3 /* MagicalRecord+ShorthandMethod.swift in Sources */,
				AC75B4BB1BC4F523006A77A3 /* NSAttributeDescription+MagicalDataImport.swift in Sources */,
				AC75B4AB1BC4F3CE006A77A3 /* MagicalRecordLogging.swift in Sources */,
				AC75B4AD1BC4F3E9006A77A3 /* MagicalRecordShorthandMethodAliases.swift in Sources */,
				AC75B49C1BC4D876006A77A3 /* MagicalRecordInternal.swift in Sources */,
				AC75B4D51BC4F82D006A77A3 /* NSManagedObjectContext+MagicalRecord.swift in Sources */,
				AC75B4BF1BC4F568006A77A3 /* NSNumber+MagicalDataImport.swift in Sources */,
				AC75B4CB1BC4F610006A77A3 /* NSManagedObject+MagicalFinders.swift in Sources */,
				AC75B4A51BC4F388006A77A3 /* MagicalRecord+Options.swift in Sources */,
				AC75B4B71BC4F4D7006A77A3 /* NSPersistentStoreCoordinator+MagicalRecord.swift in Sources */,
				AC75B4D91BC4F86C006A77A3 /* NSManagedObjectContext+MagicalThreading.swift in Sources */,
				AC75B4B21BC4F493006A77A3 /* NSManagedObjectModel+MagicalRecord.swift in Sources */,
				AC75B4A31BC4F370006A77A3 /* MagicalRecord+iCloud.swift in Sources */,
				AC75B4C71BC4F5D3006A77A3 /* NSManagedObject+MagicalAggregation.swift in Sources */,
				AC75B4BD1BC4F54A006A77A3 /* NSEntityDescription+MagicalDataImport.swift in Sources */,
				AC75B4C31BC4F59B006A77A3 /* NSRelationshipDescription+MagicalDataImport.swift in Sources */,
				AC75B4D11BC4F7F1006A77A3 /* NSManagedObjectContext+MagicalChainSave.swift in Sources */,
				AC75B4D31BC4F815006A77A3 /* NSManagedObjectContext+MagicalObserving.swift in Sources */,
				AC75B4B91BC4F4FF006A77A3 /* MagicalImportFunctions.swift in Sources */,
				AC75B4A11BC4F35E006A77A3 /* MagicalRecord+ErrorHandling.swift in Sources */,
				AC75B49F1BC4F34D006A77A3 /* MagicalRecord+Actions.swift in Sources */,
				AC75B4D71BC4F852006A77A3 /* NSManagedObjectContext+MagicalSaves.swift in Sources */,
				AC75B4A71BC4F3A1006A77A3 /* MagicalRecord+Setup.swift in Sources */,
				AC75B4CD1BC4F628006A77A3 /* NSManagedObject+MagicalRecord.swift in Sources */,
			);
			runOnlyForDeploymentPostprocessing = 0;
		};
		AC75B4851BC4D4F1006A77A3 /* Sources */ = {
			isa = PBXSourcesBuildPhase;
			buildActionMask = 2147483647;
			files = (
				AC75B48F1BC4D4F1006A77A3 /* MagicalRecord_SwiftTests.swift in Sources */,
			);
			runOnlyForDeploymentPostprocessing = 0;
		};
/* End PBXSourcesBuildPhase section */

/* Begin PBXTargetDependency section */
		AC75B48C1BC4D4F1006A77A3 /* PBXTargetDependency */ = {
			isa = PBXTargetDependency;
			target = AC75B47E1BC4D4F1006A77A3 /* MagicalRecord-Swift */;
			targetProxy = AC75B48B1BC4D4F1006A77A3 /* PBXContainerItemProxy */;
		};
/* End PBXTargetDependency section */

/* Begin XCBuildConfiguration section */
		AC75B4911BC4D4F1006A77A3 /* Debug */ = {
			isa = XCBuildConfiguration;
			buildSettings = {
				ALWAYS_SEARCH_USER_PATHS = NO;
				CLANG_CXX_LANGUAGE_STANDARD = "gnu++0x";
				CLANG_CXX_LIBRARY = "libc++";
				CLANG_ENABLE_MODULES = YES;
				CLANG_ENABLE_OBJC_ARC = YES;
				CLANG_WARN_BOOL_CONVERSION = YES;
				CLANG_WARN_CONSTANT_CONVERSION = YES;
				CLANG_WARN_DIRECT_OBJC_ISA_USAGE = YES_ERROR;
				CLANG_WARN_EMPTY_BODY = YES;
				CLANG_WARN_ENUM_CONVERSION = YES;
				CLANG_WARN_INT_CONVERSION = YES;
				CLANG_WARN_OBJC_ROOT_CLASS = YES_ERROR;
				CLANG_WARN_UNREACHABLE_CODE = YES;
				CLANG_WARN__DUPLICATE_METHOD_MATCH = YES;
				"CODE_SIGN_IDENTITY[sdk=iphoneos*]" = "iPhone Developer";
				COPY_PHASE_STRIP = NO;
				CURRENT_PROJECT_VERSION = 1;
				DEBUG_INFORMATION_FORMAT = dwarf;
				ENABLE_STRICT_OBJC_MSGSEND = YES;
				ENABLE_TESTABILITY = YES;
				GCC_C_LANGUAGE_STANDARD = gnu99;
				GCC_DYNAMIC_NO_PIC = NO;
				GCC_NO_COMMON_BLOCKS = YES;
				GCC_OPTIMIZATION_LEVEL = 0;
				GCC_PREPROCESSOR_DEFINITIONS = (
					"DEBUG=1",
					"$(inherited)",
				);
				GCC_WARN_64_TO_32_BIT_CONVERSION = YES;
				GCC_WARN_ABOUT_RETURN_TYPE = YES_ERROR;
				GCC_WARN_UNDECLARED_SELECTOR = YES;
				GCC_WARN_UNINITIALIZED_AUTOS = YES_AGGRESSIVE;
				GCC_WARN_UNUSED_FUNCTION = YES;
				GCC_WARN_UNUSED_VARIABLE = YES;
				IPHONEOS_DEPLOYMENT_TARGET = 9.0;
				MTL_ENABLE_DEBUG_INFO = YES;
				ONLY_ACTIVE_ARCH = YES;
				SDKROOT = iphoneos;
				SWIFT_OPTIMIZATION_LEVEL = "-Onone";
				TARGETED_DEVICE_FAMILY = "1,2";
				VERSIONING_SYSTEM = "apple-generic";
				VERSION_INFO_PREFIX = "";
			};
			name = Debug;
		};
		AC75B4921BC4D4F1006A77A3 /* Release */ = {
			isa = XCBuildConfiguration;
			buildSettings = {
				ALWAYS_SEARCH_USER_PATHS = NO;
				CLANG_CXX_LANGUAGE_STANDARD = "gnu++0x";
				CLANG_CXX_LIBRARY = "libc++";
				CLANG_ENABLE_MODULES = YES;
				CLANG_ENABLE_OBJC_ARC = YES;
				CLANG_WARN_BOOL_CONVERSION = YES;
				CLANG_WARN_CONSTANT_CONVERSION = YES;
				CLANG_WARN_DIRECT_OBJC_ISA_USAGE = YES_ERROR;
				CLANG_WARN_EMPTY_BODY = YES;
				CLANG_WARN_ENUM_CONVERSION = YES;
				CLANG_WARN_INT_CONVERSION = YES;
				CLANG_WARN_OBJC_ROOT_CLASS = YES_ERROR;
				CLANG_WARN_UNREACHABLE_CODE = YES;
				CLANG_WARN__DUPLICATE_METHOD_MATCH = YES;
				"CODE_SIGN_IDENTITY[sdk=iphoneos*]" = "iPhone Developer";
				COPY_PHASE_STRIP = NO;
				CURRENT_PROJECT_VERSION = 1;
				DEBUG_INFORMATION_FORMAT = "dwarf-with-dsym";
				ENABLE_NS_ASSERTIONS = NO;
				ENABLE_STRICT_OBJC_MSGSEND = YES;
				GCC_C_LANGUAGE_STANDARD = gnu99;
				GCC_NO_COMMON_BLOCKS = YES;
				GCC_WARN_64_TO_32_BIT_CONVERSION = YES;
				GCC_WARN_ABOUT_RETURN_TYPE = YES_ERROR;
				GCC_WARN_UNDECLARED_SELECTOR = YES;
				GCC_WARN_UNINITIALIZED_AUTOS = YES_AGGRESSIVE;
				GCC_WARN_UNUSED_FUNCTION = YES;
				GCC_WARN_UNUSED_VARIABLE = YES;
				IPHONEOS_DEPLOYMENT_TARGET = 9.0;
				MTL_ENABLE_DEBUG_INFO = NO;
				SDKROOT = iphoneos;
				TARGETED_DEVICE_FAMILY = "1,2";
				VALIDATE_PRODUCT = YES;
				VERSIONING_SYSTEM = "apple-generic";
				VERSION_INFO_PREFIX = "";
			};
			name = Release;
		};
		AC75B4941BC4D4F1006A77A3 /* Debug */ = {
			isa = XCBuildConfiguration;
			buildSettings = {
				CLANG_ENABLE_MODULES = YES;
				DEFINES_MODULE = YES;
				DYLIB_COMPATIBILITY_VERSION = 1;
				DYLIB_CURRENT_VERSION = 1;
				DYLIB_INSTALL_NAME_BASE = "@rpath";
				INFOPLIST_FILE = "MagicalRecord-Swift/Info.plist";
				INSTALL_PATH = "$(LOCAL_LIBRARY_DIR)/Frameworks";
				LD_RUNPATH_SEARCH_PATHS = "$(inherited) @executable_path/Frameworks @loader_path/Frameworks";
				PRODUCT_BUNDLE_IDENTIFIER = "com.jackwyu07.MagicalRecord-Swift";
				PRODUCT_NAME = "$(TARGET_NAME:c99extidentifier)";
				SKIP_INSTALL = YES;
				SWIFT_OPTIMIZATION_LEVEL = "-Onone";
			};
			name = Debug;
		};
		AC75B4951BC4D4F1006A77A3 /* Release */ = {
			isa = XCBuildConfiguration;
			buildSettings = {
				CLANG_ENABLE_MODULES = YES;
				DEFINES_MODULE = YES;
				DYLIB_COMPATIBILITY_VERSION = 1;
				DYLIB_CURRENT_VERSION = 1;
				DYLIB_INSTALL_NAME_BASE = "@rpath";
				INFOPLIST_FILE = "MagicalRecord-Swift/Info.plist";
				INSTALL_PATH = "$(LOCAL_LIBRARY_DIR)/Frameworks";
				LD_RUNPATH_SEARCH_PATHS = "$(inherited) @executable_path/Frameworks @loader_path/Frameworks";
				PRODUCT_BUNDLE_IDENTIFIER = "com.jackwyu07.MagicalRecord-Swift";
				PRODUCT_NAME = "$(TARGET_NAME:c99extidentifier)";
				SKIP_INSTALL = YES;
			};
			name = Release;
		};
		AC75B4971BC4D4F1006A77A3 /* Debug */ = {
			isa = XCBuildConfiguration;
			buildSettings = {
				INFOPLIST_FILE = "MagicalRecord-SwiftTests/Info.plist";
				LD_RUNPATH_SEARCH_PATHS = "$(inherited) @executable_path/Frameworks @loader_path/Frameworks";
				PRODUCT_BUNDLE_IDENTIFIER = "com.jackwyu07.MagicalRecord-SwiftTests";
				PRODUCT_NAME = "$(TARGET_NAME:c99extidentifier)";
			};
			name = Debug;
		};
		AC75B4981BC4D4F1006A77A3 /* Release */ = {
			isa = XCBuildConfiguration;
			buildSettings = {
				INFOPLIST_FILE = "MagicalRecord-SwiftTests/Info.plist";
				LD_RUNPATH_SEARCH_PATHS = "$(inherited) @executable_path/Frameworks @loader_path/Frameworks";
				PRODUCT_BUNDLE_IDENTIFIER = "com.jackwyu07.MagicalRecord-SwiftTests";
				PRODUCT_NAME = "$(TARGET_NAME:c99extidentifier)";
			};
			name = Release;
		};
/* End XCBuildConfiguration section */

/* Begin XCConfigurationList section */
		AC75B4791BC4D4F1006A77A3 /* Build configuration list for PBXProject "MagicalRecord-Swift" */ = {
			isa = XCConfigurationList;
			buildConfigurations = (
				AC75B4911BC4D4F1006A77A3 /* Debug */,
				AC75B4921BC4D4F1006A77A3 /* Release */,
			);
			defaultConfigurationIsVisible = 0;
			defaultConfigurationName = Release;
		};
		AC75B4931BC4D4F1006A77A3 /* Build configuration list for PBXNativeTarget "MagicalRecord-Swift" */ = {
			isa = XCConfigurationList;
			buildConfigurations = (
				AC75B4941BC4D4F1006A77A3 /* Debug */,
				AC75B4951BC4D4F1006A77A3 /* Release */,
			);
			defaultConfigurationIsVisible = 0;
			defaultConfigurationName = Release;
		};
		AC75B4961BC4D4F1006A77A3 /* Build configuration list for PBXNativeTarget "MagicalRecord-SwiftTests" */ = {
			isa = XCConfigurationList;
			buildConfigurations = (
				AC75B4971BC4D4F1006A77A3 /* Debug */,
				AC75B4981BC4D4F1006A77A3 /* Release */,
			);
			defaultConfigurationIsVisible = 0;
			defaultConfigurationName = Release;
		};
/* End XCConfigurationList section */
	};
	rootObject = AC75B4761BC4D4F1006A77A3 /* Project object */;
}
